Terraform used the selected providers to generate the following execution plan. Resource actions are indicated with the following symbols:
  + create

Terraform will perform the following actions:

  # azurerm_linux_virtual_machine.vm will be created
  + resource "azurerm_linux_virtual_machine" "vm" {
      + admin_username                                         = "azureuser"
      + allow_extension_operations                             = true
      + bypass_platform_safety_checks_on_user_schedule_enabled = false
      + computer_name                                          = (known after apply)
      + disable_password_authentication                        = true
      + disk_controller_type                                   = (known after apply)
      + extensions_time_budget                                 = "PT1H30M"
      + id                                                     = (known after apply)
      + location                                               = "eastus"
      + max_bid_price                                          = -1
      + name                                                   = "vm-demo"
      + network_interface_ids                                  = (known after apply)
      + patch_assessment_mode                                  = "ImageDefault"
      + patch_mode                                             = "ImageDefault"
      + platform_fault_domain                                  = -1
      + priority                                               = "Regular"
      + private_ip_address                                     = (known after apply)
      + private_ip_addresses                                   = (known after apply)
      + provision_vm_agent                                     = true
      + public_ip_address                                      = (known after apply)
      + public_ip_addresses                                    = (known after apply)
      + resource_group_name                                    = "rg-tf-demo"
      + size                                                   = "Standard_B1s"
      + virtual_machine_id                                     = (known after apply)
      + vm_agent_platform_updates_enabled                      = (known after apply)

      + admin_ssh_key {
          + public_key = <<-EOT
                ssh-rsa AAAAB3NzaC1yc2EAAAADAQABAAACAQDHWxXbOHJPS4MfRM0nd0phOT4FjqA44Ej5Cjya/DLy/Tp2LvO59hqfRJjEDd4zHG//vO/a3istk8kV9eK7tuHVVnmaHD3TGfdzwKJ+78mwVxQ+V+xHmYc8JtFBJpTjBWDN+6P6BsC51IxXns6l7GWERGFBFC9sS2/H376dmGCZt8fx00LKImefvXL/tJGxMz5dxhVkgVIc7NuiqnwbBB5mYJEvWvpGB9at+9G2ivNbHMVZO1sqPirw737/LE+KFquorYDnKou0oWxSaOq4p+pOLxw7X67Ib8Dy4dxm44ChhAwMa5WBBmqvoHpPlqVk3mHrj9S5eLTsI3ZZCvhKzvCV53z6QVCA+hIeige2AMXDN4xZ3Eq1mJz9ktslQZ+Ofz5YChNYqIRqthEpnZOY5Y0Zewcaemp3S3cfxfoT26sHX0QprURJcLWL1m0crBrT2aZTc1SnnIkp+RIUXMuKcTwLcr3KKNlJOjEBQ84qmdq2JV8S1+V5+UE8S3a6P0JHKEKsDzPQKNAvzkECK+ikYNP334Sse+HANNs5eiJDXchGpxShskm9UGVq1fo2T6P9w8FAWaCGm1spbmiOu40K2LeiKyggKACki59at0Jdu3eYDTd/YmUE8Y0XCGFyzh1sVTvMPYvoyJqBJi3T7sg7q/RoPbD4wmEUeiyvp8y+PuaBUQ== petorovalder@hotmail.com
            EOT
          + username   = "azureuser"
        }

      + os_disk {
          + caching                   = "ReadWrite"
          + disk_size_gb              = (known after apply)
          + id                        = (known after apply)
          + name                      = (known after apply)
          + storage_account_type      = "Standard_LRS"
          + write_accelerator_enabled = false
        }

      + source_image_reference {
          + offer     = "UbuntuServer"
          + publisher = "Canonical"
          + sku       = "18.04-LTS"
          + version   = "latest"
        }

      + termination_notification (known after apply)
    }

  # azurerm_network_interface.nic will be created
  + resource "azurerm_network_interface" "nic" {
      + accelerated_networking_enabled = false
      + applied_dns_servers            = (known after apply)
      + id                             = (known after apply)
      + internal_domain_name_suffix    = (known after apply)
      + ip_forwarding_enabled          = false
      + location                       = "eastus"
      + mac_address                    = (known after apply)
      + name                           = "nic-demo"
      + private_ip_address             = (known after apply)
      + private_ip_addresses           = (known after apply)
      + resource_group_name            = "rg-tf-demo"
      + virtual_machine_id             = (known after apply)

      + ip_configuration {
          + gateway_load_balancer_frontend_ip_configuration_id = (known after apply)
          + name                                               = "internal"
          + primary                                            = (known after apply)
          + private_ip_address                                 = (known after apply)
          + private_ip_address_allocation                      = "Dynamic"
          + private_ip_address_version                         = "IPv4"
          + subnet_id                                          = (known after apply)
        }
    }

  # azurerm_subnet.subnet will be created
  + resource "azurerm_subnet" "subnet" {
      + address_prefixes                              = [
          + "10.0.1.0/24",
        ]
      + default_outbound_access_enabled               = true
      + id                                            = (known after apply)
      + name                                          = "subnet-demo"
      + private_endpoint_network_policies             = "Disabled"
      + private_link_service_network_policies_enabled = true
      + resource_group_name                           = "rg-tf-demo"
      + virtual_network_name                          = "vnet-demo"
    }

  # azurerm_virtual_network.vnet will be created
  + resource "azurerm_virtual_network" "vnet" {
      + address_space                  = [
          + "10.0.0.0/16",
        ]
      + dns_servers                    = (known after apply)
      + guid                           = (known after apply)
      + id                             = (known after apply)
      + location                       = "eastus"
      + name                           = "vnet-demo"
      + private_endpoint_vnet_policies = "Disabled"
      + resource_group_name            = "rg-tf-demo"
      + subnet                         = (known after apply)
    }

Plan: 4 to add, 0 to change, 0 to destroy.
azurerm_virtual_network.vnet: Creating...
azurerm_virtual_network.vnet: Creation complete after 9s [id=/subscriptions/5f55b5a1-09ef-4b87-b02d-30e1a8347b3d/resourceGroups/rg-tf-demo/providers/Microsoft.Network/virtualNetworks/vnet-demo]
azurerm_subnet.subnet: Creating...
azurerm_subnet.subnet: Creation complete after 7s [id=/subscriptions/5f55b5a1-09ef-4b87-b02d-30e1a8347b3d/resourceGroups/rg-tf-demo/providers/Microsoft.Network/virtualNetworks/vnet-demo/subnets/subnet-demo]
azurerm_network_interface.nic: Creating...
azurerm_network_interface.nic: Still creating... [10s elapsed]
azurerm_network_interface.nic: Creation complete after 14s [id=/subscriptions/5f55b5a1-09ef-4b87-b02d-30e1a8347b3d/resourceGroups/rg-tf-demo/providers/Microsoft.Network/networkInterfaces/nic-demo]
azurerm_linux_virtual_machine.vm: Creating...
azurerm_linux_virtual_machine.vm: Still creating... [10s elapsed]
azurerm_linux_virtual_machine.vm: Creation complete after 18s [id=/subscriptions/5f55b5a1-09ef-4b87-b02d-30e1a8347b3d/resourceGroups/rg-tf-demo/providers/Microsoft.Compute/virtualMachines/vm-demo]

Apply complete! Resources: 4 added, 0 changed, 0 destroyed.
pauloenrique@pauloenrique-Latitude-E7450:~/Documents/Development/Terraform-projects/lab01$ 
pauloenrique@pauloenrique-Latitude-E7450:~/Documents/Development/Terraform-projects/lab01$ terraform destroy
azurerm_resource_group.rg: Refreshing state... [id=/subscriptions/5f55b5a1-09ef-4b87-b02d-30e1a8347b3d/resourceGroups/rg-tf-demo]
azurerm_virtual_network.vnet: Refreshing state... [id=/subscriptions/5f55b5a1-09ef-4b87-b02d-30e1a8347b3d/resourceGroups/rg-tf-demo/providers/Microsoft.Network/virtualNetworks/vnet-demo]
azurerm_subnet.subnet: Refreshing state... [id=/subscriptions/5f55b5a1-09ef-4b87-b02d-30e1a8347b3d/resourceGroups/rg-tf-demo/providers/Microsoft.Network/virtualNetworks/vnet-demo/subnets/subnet-demo]
azurerm_network_interface.nic: Refreshing state... [id=/subscriptions/5f55b5a1-09ef-4b87-b02d-30e1a8347b3d/resourceGroups/rg-tf-demo/providers/Microsoft.Network/networkInterfaces/nic-demo]
azurerm_linux_virtual_machine.vm: Refreshing state... [id=/subscriptions/5f55b5a1-09ef-4b87-b02d-30e1a8347b3d/resourceGroups/rg-tf-demo/providers/Microsoft.Compute/virtualMachines/vm-demo]

Terraform used the selected providers to generate the following execution plan. Resource actions are indicated with the following symbols:
  - destroy

Terraform will perform the following actions:

  # azurerm_linux_virtual_machine.vm will be destroyed
  - resource "azurerm_linux_virtual_machine" "vm" {
      - admin_username                                         = "azureuser" -> null
      - allow_extension_operations                             = true -> null
      - bypass_platform_safety_checks_on_user_schedule_enabled = false -> null
      - computer_name                                          = "vm-demo" -> null
      - disable_password_authentication                        = true -> null
      - encryption_at_host_enabled                             = false -> null
      - extensions_time_budget                                 = "PT1H30M" -> null
      - id                                                     = "/subscriptions/5f55b5a1-09ef-4b87-b02d-30e1a8347b3d/resourceGroups/rg-tf-demo/providers/Microsoft.Compute/virtualMachines/vm-demo" -> null
      - location                                               = "eastus" -> null
      - max_bid_price                                          = -1 -> null
      - name                                                   = "vm-demo" -> null
      - network_interface_ids                                  = [
          - "/subscriptions/5f55b5a1-09ef-4b87-b02d-30e1a8347b3d/resourceGroups/rg-tf-demo/providers/Microsoft.Network/networkInterfaces/nic-demo",
        ] -> null
      - patch_assessment_mode                                  = "ImageDefault" -> null
      - patch_mode                                             = "ImageDefault" -> null
      - platform_fault_domain                                  = -1 -> null
      - priority                                               = "Regular" -> null
      - private_ip_address                                     = "10.0.1.4" -> null
      - private_ip_addresses                                   = [
          - "10.0.1.4",
        ] -> null
      - provision_vm_agent                                     = true -> null
      - public_ip_addresses                                    = [] -> null
      - resource_group_name                                    = "rg-tf-demo" -> null
      - secure_boot_enabled                                    = false -> null
      - size                                                   = "Standard_B1s" -> null
      - tags                                                   = {} -> null
      - virtual_machine_id                                     = "533f6f7e-e8ca-43a8-bf0b-91ff7fea7b28" -> null
      - vm_agent_platform_updates_enabled                      = false -> null
      - vtpm_enabled                                           = false -> null
        # (15 unchanged attributes hidden)

      - admin_ssh_key {
          - public_key = <<-EOT
                ssh-rsa AAAAB3NzaC1yc2EAAAADAQABAAACAQDHWxXbOHJPS4MfRM0nd0phOT4FjqA44Ej5Cjya/DLy/Tp2LvO59hqfRJjEDd4zHG//vO/a3istk8kV9eK7tuHVVnmaHD3TGfdzwKJ+78mwVxQ+V+xHmYc8JtFBJpTjBWDN+6P6BsC51IxXns6l7GWERGFBFC9sS2/H376dmGCZt8fx00LKImefvXL/tJGxMz5dxhVkgVIc7NuiqnwbBB5mYJEvWvpGB9at+9G2ivNbHMVZO1sqPirw737/LE+KFquorYDnKou0oWxSaOq4p+pOLxw7X67Ib8Dy4dxm44ChhAwMa5WBBmqvoHpPlqVk3mHrj9S5eLTsI3ZZCvhKzvCV53z6QVCA+hIeige2AMXDN4xZ3Eq1mJz9ktslQZ+Ofz5YChNYqIRqthEpnZOY5Y0Zewcaemp3S3cfxfoT26sHX0QprURJcLWL1m0crBrT2aZTc1SnnIkp+RIUXMuKcTwLcr3KKNlJOjEBQ84qmdq2JV8S1+V5+UE8S3a6P0JHKEKsDzPQKNAvzkECK+ikYNP334Sse+HANNs5eiJDXchGpxShskm9UGVq1fo2T6P9w8FAWaCGm1spbmiOu40K2LeiKyggKACki59at0Jdu3eYDTd/YmUE8Y0XCGFyzh1sVTvMPYvoyJqBJi3T7sg7q/RoPbD4wmEUeiyvp8y+PuaBUQ== petorovalder@hotmail.com
            EOT -> null
          - username   = "azureuser" -> null
        }

      - os_disk {
          - caching                          = "ReadWrite" -> null
          - disk_size_gb                     = 30 -> null
          - id                               = "/subscriptions/5f55b5a1-09ef-4b87-b02d-30e1a8347b3d/resourceGroups/rg-tf-demo/providers/Microsoft.Compute/disks/vm-demo_disk1_74e3a1182f74493fbcefc37e94c17530" -> null
          - name                             = "vm-demo_disk1_74e3a1182f74493fbcefc37e94c17530" -> null
          - storage_account_type             = "Standard_LRS" -> null
          - write_accelerator_enabled        = false -> null
            # (3 unchanged attributes hidden)
        }

      - source_image_reference {
          - offer     = "UbuntuServer" -> null
          - publisher = "Canonical" -> null
          - sku       = "18.04-LTS" -> null
          - version   = "latest" -> null
        }
    }

  # azurerm_network_interface.nic will be destroyed
  - resource "azurerm_network_interface" "nic" {
      - accelerated_networking_enabled = false -> null
      - applied_dns_servers            = [] -> null
      - dns_servers                    = [] -> null
      - id                             = "/subscriptions/5f55b5a1-09ef-4b87-b02d-30e1a8347b3d/resourceGroups/rg-tf-demo/providers/Microsoft.Network/networkInterfaces/nic-demo" -> null
      - internal_domain_name_suffix    = "5nmsvd4dbftudcqch14sisfvoc.bx.internal.cloudapp.net" -> null
      - ip_forwarding_enabled          = false -> null
      - location                       = "eastus" -> null
      - mac_address                    = "00-0D-3A-17-6C-32" -> null
      - name                           = "nic-demo" -> null
      - private_ip_address             = "10.0.1.4" -> null
      - private_ip_addresses           = [
          - "10.0.1.4",
        ] -> null
      - resource_group_name            = "rg-tf-demo" -> null
      - tags                           = {} -> null
      - virtual_machine_id             = "/subscriptions/5f55b5a1-09ef-4b87-b02d-30e1a8347b3d/resourceGroups/rg-tf-demo/providers/Microsoft.Compute/virtualMachines/vm-demo" -> null
        # (4 unchanged attributes hidden)

      - ip_configuration {
          - name                                               = "internal" -> null
          - primary                                            = true -> null
          - private_ip_address                                 = "10.0.1.4" -> null
          - private_ip_address_allocation                      = "Dynamic" -> null
          - private_ip_address_version                         = "IPv4" -> null
          - subnet_id                                          = "/subscriptions/5f55b5a1-09ef-4b87-b02d-30e1a8347b3d/resourceGroups/rg-tf-demo/providers/Microsoft.Network/virtualNetworks/vnet-demo/subnets/subnet-demo" -> null
            # (2 unchanged attributes hidden)
        }
    }

  # azurerm_resource_group.rg will be destroyed
  - resource "azurerm_resource_group" "rg" {
      - id         = "/subscriptions/5f55b5a1-09ef-4b87-b02d-30e1a8347b3d/resourceGroups/rg-tf-demo" -> null
      - location   = "eastus" -> null
      - name       = "rg-tf-demo" -> null
      - tags       = {} -> null
        # (1 unchanged attribute hidden)
    }

  # azurerm_subnet.subnet will be destroyed
  - resource "azurerm_subnet" "subnet" {
      - address_prefixes                              = [
          - "10.0.1.0/24",
        ] -> null
      - default_outbound_access_enabled               = true -> null
      - id                                            = "/subscriptions/5f55b5a1-09ef-4b87-b02d-30e1a8347b3d/resourceGroups/rg-tf-demo/providers/Microsoft.Network/virtualNetworks/vnet-demo/subnets/subnet-demo" -> null
      - name                                          = "subnet-demo" -> null
      - private_endpoint_network_policies             = "Disabled" -> null
      - private_link_service_network_policies_enabled = true -> null
      - resource_group_name                           = "rg-tf-demo" -> null
      - service_endpoint_policy_ids                   = [] -> null
      - service_endpoints                             = [] -> null
      - virtual_network_name                          = "vnet-demo" -> null
    }

  # azurerm_virtual_network.vnet will be destroyed
  - resource "azurerm_virtual_network" "vnet" {
      - address_space                  = [
          - "10.0.0.0/16",
        ] -> null
      - dns_servers                    = [] -> null
      - flow_timeout_in_minutes        = 0 -> null
      - guid                           = "8f2a59fb-09c3-4167-8a02-3efd2448b572" -> null
      - id                             = "/subscriptions/5f55b5a1-09ef-4b87-b02d-30e1a8347b3d/resourceGroups/rg-tf-demo/providers/Microsoft.Network/virtualNetworks/vnet-demo" -> null
      - location                       = "eastus" -> null
      - name                           = "vnet-demo" -> null
      - private_endpoint_vnet_policies = "Disabled" -> null
      - resource_group_name            = "rg-tf-demo" -> null
      - subnet                         = [
          - {
              - address_prefixes                              = [
                  - "10.0.1.0/24",
                ]
              - default_outbound_access_enabled               = true
              - delegation                                    = []
              - id                                            = "/subscriptions/5f55b5a1-09ef-4b87-b02d-30e1a8347b3d/resourceGroups/rg-tf-demo/providers/Microsoft.Network/virtualNetworks/vnet-demo/subnets/subnet-demo"
              - name                                          = "subnet-demo"
              - private_endpoint_network_policies             = "Disabled"
              - private_link_service_network_policies_enabled = true
              - service_endpoint_policy_ids                   = []
              - service_endpoints                             = []
                # (2 unchanged attributes hidden)
            },
        ] -> null
      - tags                           = {} -> null
        # (2 unchanged attributes hidden)
    }

Plan: 0 to add, 0 to change, 5 to destroy.

Do you really want to destroy all resources?
  Terraform will destroy all your managed infrastructure, as shown above.
  There is no undo. Only 'yes' will be accepted to confirm.

  Enter a value: yes

azurerm_linux_virtual_machine.vm: Destroying... [id=/subscriptions/5f55b5a1-09ef-4b87-b02d-30e1a8347b3d/resourceGroups/rg-tf-demo/providers/Microsoft.Compute/virtualMachines/vm-demo]
azurerm_linux_virtual_machine.vm: Still destroying... [id=/subscriptions/5f55b5a1-09ef-4b87-b02d-...rosoft.Compute/virtualMachines/vm-demo, 10s elapsed]
azurerm_linux_virtual_machine.vm: Still destroying... [id=/subscriptions/5f55b5a1-09ef-4b87-b02d-...rosoft.Compute/virtualMachines/vm-demo, 20s elapsed]
azurerm_linux_virtual_machine.vm: Still destroying... [id=/subscriptions/5f55b5a1-09ef-4b87-b02d-...rosoft.Compute/virtualMachines/vm-demo, 30s elapsed]
azurerm_linux_virtual_machine.vm: Destruction complete after 38s
azurerm_network_interface.nic: Destroying... [id=/subscriptions/5f55b5a1-09ef-4b87-b02d-30e1a8347b3d/resourceGroups/rg-tf-demo/providers/Microsoft.Network/networkInterfaces/nic-demo]
azurerm_network_interface.nic: Still destroying... [id=/subscriptions/5f55b5a1-09ef-4b87-b02d-...oft.Network/networkInterfaces/nic-demo, 10s elapsed]
azurerm_network_interface.nic: Destruction complete after 13s
azurerm_subnet.subnet: Destroying... [id=/subscriptions/5f55b5a1-09ef-4b87-b02d-30e1a8347b3d/resourceGroups/rg-tf-demo/providers/Microsoft.Network/virtualNetworks/vnet-demo/subnets/subnet-demo]
azurerm_subnet.subnet: Still destroying... [id=/subscriptions/5f55b5a1-09ef-4b87-b02d-...Networks/vnet-demo/subnets/subnet-demo, 10s elapsed]
azurerm_subnet.subnet: Destruction complete after 12s
azurerm_virtual_network.vnet: Destroying... [id=/subscriptions/5f55b5a1-09ef-4b87-b02d-30e1a8347b3d/resourceGroups/rg-tf-demo/providers/Microsoft.Network/virtualNetworks/vnet-demo]
azurerm_virtual_network.vnet: Still destroying... [id=/subscriptions/5f55b5a1-09ef-4b87-b02d-...soft.Network/virtualNetworks/vnet-demo, 10s elapsed]
azurerm_virtual_network.vnet: Destruction complete after 13s
azurerm_resource_group.rg: Destroying... [id=/subscriptions/5f55b5a1-09ef-4b87-b02d-30e1a8347b3d/resourceGroups/rg-tf-demo]
azurerm_resource_group.rg: Still destroying... [id=/subscriptions/5f55b5a1-09ef-4b87-b02d-30e1a8347b3d/resourceGroups/rg-tf-demo, 10s elapsed]
azurerm_resource_group.rg: Still destroying... [id=/subscriptions/5f55b5a1-09ef-4b87-b02d-30e1a8347b3d/resourceGroups/rg-tf-demo, 20s elapsed]
azurerm_resource_group.rg: Destruction complete after 21s

Destroy complete! Resources: 5 destroyed.
pauloenrique@pauloenrique-Latitude-E7450:~/Documents/Development/Terraform-projects/lab01$ 
	